
Microsoft Visual Studio Solution File, Format Version 12.00
# Visual Studio Version 17
VisualStudioVersion = 17.5.002.0
MinimumVisualStudioVersion = 10.0.40219.1
Project("{9A19103F-16F7-4668-BE54-9A1E7A4F7556}") = "lab1", "lab1.csproj", "{011A7A70-56D1-4007-8F70-99FCF382F5F0}"
EndProject
Global
	GlobalSection(SolutionConfigurationPlatforms) = preSolution
		Debug|Any CPU = Debug|Any CPU
		Release|Any CPU = Release|Any CPU
	EndGlobalSection
	GlobalSection(ProjectConfigurationPlatforms) = postSolution
		{011A7A70-56D1-4007-8F70-99FCF382F5F0}.Debug|Any CPU.ActiveCfg = Debug|Any CPU
		{011A7A70-56D1-4007-8F70-99FCF382F5F0}.Debug|Any CPU.Build.0 = Debug|Any CPU
		{011A7A70-56D1-4007-8F70-99FCF382F5F0}.Release|Any CPU.ActiveCfg = Release|Any CPU
		{011A7A70-56D1-4007-8F70-99FCF382F5F0}.Release|Any CPU.Build.0 = Release|Any CPU
	EndGlobalSection
	GlobalSection(SolutionProperties) = preSolution
		HideSolutionNode = FALSE
	EndGlobalSection
	GlobalSection(ExtensibilityGlobals) = postSolution
		SolutionGuid = {7F49F68E-5BE3-49E8-A505-2D6AFE57C8A1}
	EndGlobalSection
EndGlobal
